{
  "object": {
    "pins": [
      {
        "package": "DifferenceKit",
        "repositoryURL": "https://github.com/ra1028/DifferenceKit.git",
        "state": {
          "branch": null,
          "revision": "073b9671ce2b9b5b96398611427a1f929927e428",
          "version": "1.3.0"
        }
      },
      {
        "package": "DJWBaseVC",
        "repositoryURL": "https://github.com/trevor-sonic/DJWBaseVC.git",
        "state": {
          "branch": null,
          "revision": "fe444637194feb5575ec7e9d1407ef1634bb8c57",
          "version": "1.0.31"
        }
      },
      {
        "package": "DJWBindableNS",
        "repositoryURL": "https://github.com/trevor-sonic/DJWBindableNS.git",
        "state": {
          "branch": null,
          "revision": "f67260cd54e03fe85a86ff9c77c7aa4a309c7b02",
          "version": "2.0.3"
        }
      },
      {
        "package": "DJWBindableVar",
        "repositoryURL": "https://github.com/trevor-sonic/DJWBindableVar.git",
        "state": {
          "branch": null,
          "revision": "28ad033c8f0643b5527f3bd354e7874fe3fcbbf8",
          "version": "1.1.1"
        }
      },
      {
        "package": "DJWBuilderNS",
        "repositoryURL": "https://github.com/trevor-sonic/DJWBuilderNS.git",
        "state": {
          "branch": null,
          "revision": "350ff97ade09e2642b984829f6bf054725cf1859",
          "version": "1.0.29"
        }
      },
      {
        "package": "DJWCommon",
        "repositoryURL": "https://github.com/trevor-sonic/DJWCommon.git",
        "state": {
          "branch": null,
          "revision": "5207e0eb1bffe4cfffd0e795dd12233ec8e709c9",
          "version": "1.0.33"
        }
      },
      {
        "package": "DJWUIBuilder",
        "repositoryURL": "https://github.com/trevor-sonic/DJWUIBuilder.git",
        "state": {
          "branch": null,
          "revision": "7dadc181cfce8aff09dabf36deea3709a4eac509",
          "version": "1.0.40"
        }
      },
      {
        "package": "DJWUIExtensions",
        "repositoryURL": "https://github.com/trevor-sonic/DJWUIExtensions.git",
        "state": {
          "branch": null,
          "revision": "0e515f117548b84512d0c5332814e761f17e0785",
          "version": "1.0.29"
        }
      },
      {
        "package": "DJWVTExtensions",
        "repositoryURL": "https://github.com/trevor-sonic/DJWVTExtensions.git",
        "state": {
          "branch": null,
          "revision": "e7fa644b7300ca0bfc5ae28c2eeee6bb92c80252",
          "version": "1.0.28"
        }
      },
      {
        "package": "SnapKit",
        "repositoryURL": "https://github.com/SnapKit/SnapKit.git",
        "state": {
          "branch": null,
          "revision": "2842e6e84e82eb9a8dac0100ca90d9444b0307f4",
          "version": "5.7.1"
        }
      }
    ]
  },
  "version": 1
}
