{
  "object": {
    "pins": [
      {
        "package": "DifferenceKit",
        "repositoryURL": "https://github.com/ra1028/DifferenceKit.git",
        "state": {
          "branch": null,
          "revision": "14c66681e12a38b81045f44c6c29724a0d4b0e72",
          "version": "1.1.5"
        }
      },
      {
        "package": "DJWBaseVC",
        "repositoryURL": "https://github.com/trevor-sonic/DJWBaseVC.git",
        "state": {
          "branch": null,
          "revision": "21dcc64b03d6925e0f495c488511de37d640e075",
          "version": "1.0.30"
        }
      },
      {
        "package": "DJWBindableNS",
        "repositoryURL": "https://github.com/trevor-sonic/DJWBindableNS.git",
        "state": {
          "branch": null,
          "revision": "de2b4187ac4556b0cc246955db50e8237477ee7e",
          "version": "1.0.26"
        }
      },
      {
        "package": "DJWBindableVar",
        "repositoryURL": "https://github.com/trevor-sonic/DJWBindableVar.git",
        "state": {
          "branch": null,
          "revision": "35061ca5dd11c7f405c868d9ab69005cd9eb6d9e",
          "version": "1.0.38"
        }
      },
      {
        "package": "DJWBuilderNS",
        "repositoryURL": "https://github.com/trevor-sonic/DJWBuilderNS.git",
        "state": {
          "branch": null,
          "revision": "1ad78ebeeb37706be2f89f4d923d80fae9375116",
          "version": "1.0.27"
        }
      },
      {
        "package": "DJWCommon",
        "repositoryURL": "https://github.com/trevor-sonic/DJWCommon.git",
        "state": {
          "branch": null,
          "revision": "0d5ce97c557644cc72e02d8c4cbbd5d0fc95a75a",
          "version": "1.0.31"
        }
      },
      {
        "package": "DJWUIBuilder",
        "repositoryURL": "https://github.com/trevor-sonic/DJWUIBuilder.git",
        "state": {
          "branch": null,
          "revision": "623fdc249a8525718edc49aba4c4fad723ffdc62",
          "version": "1.0.32"
        }
      },
      {
        "package": "DJWUIExtensions",
        "repositoryURL": "https://github.com/trevor-sonic/DJWUIExtensions.git",
        "state": {
          "branch": null,
          "revision": "dce823be0fabb769eb27c660af843c11af61315c",
          "version": "1.0.26"
        }
      },
      {
        "package": "DJWVTExtensions",
        "repositoryURL": "https://github.com/trevor-sonic/DJWVTExtensions.git",
        "state": {
          "branch": null,
          "revision": "388b54ccad5763dca68bf1b7ea49aa7abcbf687b",
          "version": "1.0.26"
        }
      },
      {
        "package": "SnapKit",
        "repositoryURL": "https://github.com/SnapKit/SnapKit.git",
        "state": {
          "branch": null,
          "revision": "d458564516e5676af9c70b4f4b2a9178294f1bc6",
          "version": "5.0.1"
        }
      }
    ]
  },
  "version": 1
}
